// !$*UTF8*$!
{
	archiveVersion = 1;
	classes = {
	};
	objectVersion = 48;
	objects = {

/* Begin PBXBuildFile section */
		6A3B10E61FC3865A006F7A8B /* TableRow.swift in Sources */ = {isa = PBXBuildFile; fileRef = 6A3B10E51FC3865A006F7A8B /* TableRow.swift */; };
		6A3E3A631FC2FE6500FD0FCA /* AppDelegate.swift in Sources */ = {isa = PBXBuildFile; fileRef = 6A3E3A621FC2FE6500FD0FCA /* AppDelegate.swift */; };
		6A3E3A651FC2FE6500FD0FCA /* ViewController.swift in Sources */ = {isa = PBXBuildFile; fileRef = 6A3E3A641FC2FE6500FD0FCA /* ViewController.swift */; };
		6A3E3A671FC2FE6500FD0FCA /* Assets.xcassets in Resources */ = {isa = PBXBuildFile; fileRef = 6A3E3A661FC2FE6500FD0FCA /* Assets.xcassets */; };
		6A3E3A6A1FC2FE6500FD0FCA /* Main.storyboard in Resources */ = {isa = PBXBuildFile; fileRef = 6A3E3A681FC2FE6500FD0FCA /* Main.storyboard */; };
		6A3E3A731FC2FF5E00FD0FCA /* CycleCodeCalculator.swift in Sources */ = {isa = PBXBuildFile; fileRef = 6A3E3A721FC2FF5E00FD0FCA /* CycleCodeCalculator.swift */; };
/* End PBXBuildFile section */

/* Begin PBXFileReference section */
		6A3B10E51FC3865A006F7A8B /* TableRow.swift */ = {isa = PBXFileReference; lastKnownFileType = sourcecode.swift; path = TableRow.swift; sourceTree = "<group>"; };
		6A3E3A5F1FC2FE6500FD0FCA /* NetworkHW.app */ = {isa = PBXFileReference; explicitFileType = wrapper.application; includeInIndex = 0; path = NetworkHW.app; sourceTree = BUILT_PRODUCTS_DIR; };
		6A3E3A621FC2FE6500FD0FCA /* AppDelegate.swift */ = {isa = PBXFileReference; lastKnownFileType = sourcecode.swift; path = AppDelegate.swift; sourceTree = "<group>"; };
		6A3E3A641FC2FE6500FD0FCA /* ViewController.swift */ = {isa = PBXFileReference; lastKnownFileType = sourcecode.swift; path = ViewController.swift; sourceTree = "<group>"; };
		6A3E3A661FC2FE6500FD0FCA /* Assets.xcassets */ = {isa = PBXFileReference; lastKnownFileType = folder.assetcatalog; path = Assets.xcassets; sourceTree = "<group>"; };
		6A3E3A691FC2FE6500FD0FCA /* Base */ = {isa = PBXFileReference; lastKnownFileType = file.storyboard; name = Base; path = Base.lproj/Main.storyboard; sourceTree = "<group>"; };
		6A3E3A6B1FC2FE6500FD0FCA /* Info.plist */ = {isa = PBXFileReference; lastKnownFileType = text.plist.xml; path = Info.plist; sourceTree = "<group>"; };
		6A3E3A6C1FC2FE6500FD0FCA /* NetworkHW.entitlements */ = {isa = PBXFileReference; lastKnownFileType = text.plist.entitlements; path = NetworkHW.entitlements; sourceTree = "<group>"; };
		6A3E3A721FC2FF5E00FD0FCA /* CycleCodeCalculator.swift */ = {isa = PBXFileReference; lastKnownFileType = sourcecode.swift; path = CycleCodeCalculator.swift; sourceTree = "<group>"; };
/* End PBXFileReference section */

/* Begin PBXFrameworksBuildPhase section */
		6A3E3A5C1FC2FE6500FD0FCA /* Frameworks */ = {
			isa = PBXFrameworksBuildPhase;
			buildActionMask = 2147483647;
			files = (
			);
			runOnlyForDeploymentPostprocessing = 0;
		};
/* End PBXFrameworksBuildPhase section */

/* Begin PBXGroup section */
		6A3B10E71FC386CC006F7A8B /* Models */ = {
			isa = PBXGroup;
			children = (
				6A3B10E51FC3865A006F7A8B /* TableRow.swift */,
			);
			path = Models;
			sourceTree = "<group>";
		};
		6A3B10E81FC386D6006F7A8B /* Calculations */ = {
			isa = PBXGroup;
			children = (
				6A3E3A721FC2FF5E00FD0FCA /* CycleCodeCalculator.swift */,
			);
			path = Calculations;
			sourceTree = "<group>";
		};
		6A3E3A561FC2FE6500FD0FCA = {
			isa = PBXGroup;
			children = (
				6A3E3A611FC2FE6500FD0FCA /* NetworkHW */,
				6A3E3A601FC2FE6500FD0FCA /* Products */,
			);
			sourceTree = "<group>";
		};
		6A3E3A601FC2FE6500FD0FCA /* Products */ = {
			isa = PBXGroup;
			children = (
				6A3E3A5F1FC2FE6500FD0FCA /* NetworkHW.app */,
			);
			name = Products;
			sourceTree = "<group>";
		};
		6A3E3A611FC2FE6500FD0FCA /* NetworkHW */ = {
			isa = PBXGroup;
			children = (
				6A3B10E71FC386CC006F7A8B /* Models */,
				6A3B10E81FC386D6006F7A8B /* Calculations */,
				6A3E3A641FC2FE6500FD0FCA /* ViewController.swift */,
				6A3E3A621FC2FE6500FD0FCA /* AppDelegate.swift */,
				6A3E3A661FC2FE6500FD0FCA /* Assets.xcassets */,
				6A3E3A681FC2FE6500FD0FCA /* Main.storyboard */,
				6A3E3A6B1FC2FE6500FD0FCA /* Info.plist */,
				6A3E3A6C1FC2FE6500FD0FCA /* NetworkHW.entitlements */,
			);
			path = NetworkHW;
			sourceTree = "<group>";
		};
/* End PBXGroup section */

/* Begin PBXNativeTarget section */
		6A3E3A5E1FC2FE6500FD0FCA /* NetworkHW */ = {
			isa = PBXNativeTarget;
			buildConfigurationList = 6A3E3A6F1FC2FE6500FD0FCA /* Build configuration list for PBXNativeTarget "NetworkHW" */;
			buildPhases = (
				6A3E3A5B1FC2FE6500FD0FCA /* Sources */,
				6A3E3A5C1FC2FE6500FD0FCA /* Frameworks */,
				6A3E3A5D1FC2FE6500FD0FCA /* Resources */,
			);
			buildRules = (
			);
			dependencies = (
			);
			name = NetworkHW;
			productName = NetworkHW;
			productReference = 6A3E3A5F1FC2FE6500FD0FCA /* NetworkHW.app */;
			productType = "com.apple.product-type.application";
		};
/* End PBXNativeTarget section */

/* Begin PBXProject section */
		6A3E3A571FC2FE6500FD0FCA /* Project object */ = {
			isa = PBXProject;
			attributes = {
				LastSwiftUpdateCheck = 0910;
				LastUpgradeCheck = 0910;
				ORGANIZATIONNAME = bestK1ng;
				TargetAttributes = {
					6A3E3A5E1FC2FE6500FD0FCA = {
						CreatedOnToolsVersion = 9.1;
						ProvisioningStyle = Automatic;
					};
				};
			};
			buildConfigurationList = 6A3E3A5A1FC2FE6500FD0FCA /* Build configuration list for PBXProject "NetworkHW" */;
			compatibilityVersion = "Xcode 8.0";
			developmentRegion = en;
			hasScannedForEncodings = 0;
			knownRegions = (
				en,
				Base,
			);
			mainGroup = 6A3E3A561FC2FE6500FD0FCA;
			productRefGroup = 6A3E3A601FC2FE6500FD0FCA /* Products */;
			projectDirPath = "";
			projectRoot = "";
			targets = (
				6A3E3A5E1FC2FE6500FD0FCA /* NetworkHW */,
			);
		};
/* End PBXProject section */

/* Begin PBXResourcesBuildPhase section */
		6A3E3A5D1FC2FE6500FD0FCA /* Resources */ = {
			isa = PBXResourcesBuildPhase;
			buildActionMask = 2147483647;
			files = (
				6A3E3A671FC2FE6500FD0FCA /* Assets.xcassets in Resources */,
				6A3E3A6A1FC2FE6500FD0FCA /* Main.storyboard in Resources */,
			);
			runOnlyForDeploymentPostprocessing = 0;
		};
/* End PBXResourcesBuildPhase section */

/* Begin PBXSourcesBuildPhase section */
		6A3E3A5B1FC2FE6500FD0FCA /* Sources */ = {
			isa = PBXSourcesBuildPhase;
			buildActionMask = 2147483647;
			files = (
				6A3E3A651FC2FE6500FD0FCA /* ViewController.swift in Sources */,
				6A3B10E61FC3865A006F7A8B /* TableRow.swift in Sources */,
				6A3E3A731FC2FF5E00FD0FCA /* CycleCodeCalculator.swift in Sources */,
				6A3E3A631FC2FE6500FD0FCA /* AppDelegate.swift in Sources */,
			);
			runOnlyForDeploymentPostprocessing = 0;
		};
/* End PBXSourcesBuildPhase section */

/* Begin PBXVariantGroup section */
		6A3E3A681FC2FE6500FD0FCA /* Main.storyboard */ = {
			isa = PBXVariantGroup;
			children = (
				6A3E3A691FC2FE6500FD0FCA /* Base */,
			);
			name = Main.storyboard;
			sourceTree = "<group>";
		};
/* End PBXVariantGroup section */

/* Begin XCBuildConfiguration section */
		6A3E3A6D1FC2FE6500FD0FCA /* Debug */ = {
			isa = XCBuildConfiguration;
			buildSettings = {
				ALWAYS_SEARCH_USER_PATHS = NO;
				CLANG_ANALYZER_NONNULL = YES;
				CLANG_ANALYZER_NUMBER_OBJECT_CONVERSION = YES_AGGRESSIVE;
				CLANG_CXX_LANGUAGE_STANDARD = "gnu++14";
				CLANG_CXX_LIBRARY = "libc++";
				CLANG_ENABLE_MODULES = YES;
				CLANG_ENABLE_OBJC_ARC = YES;
				CLANG_WARN_BLOCK_CAPTURE_AUTORELEASING = YES;
				CLANG_WARN_BOOL_CONVERSION = YES;
				CLANG_WARN_COMMA = YES;
				CLANG_WARN_CONSTANT_CONVERSION = YES;
				CLANG_WARN_DIRECT_OBJC_ISA_USAGE = YES_ERROR;
				CLANG_WARN_DOCUMENTATION_COMMENTS = YES;
				CLANG_WARN_EMPTY_BODY = YES;
				CLANG_WARN_ENUM_CONVERSION = YES;
				CLANG_WARN_INFINITE_RECURSION = YES;
				CLANG_WARN_INT_CONVERSION = YES;
				CLANG_WARN_NON_LITERAL_NULL_CONVERSION = YES;
				CLANG_WARN_OBJC_LITERAL_CONVERSION = YES;
				CLANG_WARN_OBJC_ROOT_CLASS = YES_ERROR;
				CLANG_WARN_RANGE_LOOP_ANALYSIS = YES;
				CLANG_WARN_STRICT_PROTOTYPES = YES;
				CLANG_WARN_SUSPICIOUS_MOVE = YES;
				CLANG_WARN_UNGUARDED_AVAILABILITY = YES_AGGRESSIVE;
				CLANG_WARN_UNREACHABLE_CODE = YES;
				CLANG_WARN__DUPLICATE_METHOD_MATCH = YES;
				CODE_SIGN_IDENTITY = "Mac Developer";
				COPY_PHASE_STRIP = NO;
				DEBUG_INFORMATION_FORMAT = dwarf;
				ENABLE_STRICT_OBJC_MSGSEND = YES;
				ENABLE_TESTABILITY = YES;
				GCC_C_LANGUAGE_STANDARD = gnu11;
				GCC_DYNAMIC_NO_PIC = NO;
				GCC_NO_COMMON_BLOCKS = YES;
				GCC_OPTIMIZATION_LEVEL = 0;
				GCC_PREPROCESSOR_DEFINITIONS = (
					"DEBUG=1",
					"$(inherited)",
				);
				GCC_WARN_64_TO_32_BIT_CONVERSION = YES;
				GCC_WARN_ABOUT_RETURN_TYPE = YES_ERROR;
				GCC_WARN_UNDECLARED_SELECTOR = YES;
				GCC_WARN_UNINITIALIZED_AUTOS = YES_AGGRESSIVE;
				GCC_WARN_UNUSED_FUNCTION = YES;
				GCC_WARN_UNUSED_VARIABLE = YES;
				MACOSX_DEPLOYMENT_TARGET = 10.12;
				MTL_ENABLE_DEBUG_INFO = YES;
				ONLY_ACTIVE_ARCH = YES;
				SDKROOT = macosx;
				SWIFT_ACTIVE_COMPILATION_CONDITIONS = DEBUG;
				SWIFT_OPTIMIZATION_LEVEL = "-Onone";
			};
			name = Debug;
		};
		6A3E3A6E1FC2FE6500FD0FCA /* Release */ = {
			isa = XCBuildConfiguration;
			buildSettings = {
				ALWAYS_SEARCH_USER_PATHS = NO;
				CLANG_ANALYZER_NONNULL = YES;
				CLANG_ANALYZER_NUMBER_OBJECT_CONVERSION = YES_AGGRESSIVE;
				CLANG_CXX_LANGUAGE_STANDARD = "gnu++14";
				CLANG_CXX_LIBRARY = "libc++";
				CLANG_ENABLE_MODULES = YES;
				CLANG_ENABLE_OBJC_ARC = YES;
				CLANG_WARN_BLOCK_CAPTURE_AUTORELEASING = YES;
				CLANG_WARN_BOOL_CONVERSION = YES;
				CLANG_WARN_COMMA = YES;
				CLANG_WARN_CONSTANT_CONVERSION = YES;
				CLANG_WARN_DIRECT_OBJC_ISA_USAGE = YES_ERROR;
				CLANG_WARN_DOCUMENTATION_COMMENTS = YES;
				CLANG_WARN_EMPTY_BODY = YES;
				CLANG_WARN_ENUM_CONVERSION = YES;
				CLANG_WARN_INFINITE_RECURSION = YES;
				CLANG_WARN_INT_CONVERSION = YES;
				CLANG_WARN_NON_LITERAL_NULL_CONVERSION = YES;
				CLANG_WARN_OBJC_LITERAL_CONVERSION = YES;
				CLANG_WARN_OBJC_ROOT_CLASS = YES_ERROR;
				CLANG_WARN_RANGE_LOOP_ANALYSIS = YES;
				CLANG_WARN_STRICT_PROTOTYPES = YES;
				CLANG_WARN_SUSPICIOUS_MOVE = YES;
				CLANG_WARN_UNGUARDED_AVAILABILITY = YES_AGGRESSIVE;
				CLANG_WARN_UNREACHABLE_CODE = YES;
				CLANG_WARN__DUPLICATE_METHOD_MATCH = YES;
				CODE_SIGN_IDENTITY = "Mac Developer";
				COPY_PHASE_STRIP = NO;
				DEBUG_INFORMATION_FORMAT = "dwarf-with-dsym";
				ENABLE_NS_ASSERTIONS = NO;
				ENABLE_STRICT_OBJC_MSGSEND = YES;
				GCC_C_LANGUAGE_STANDARD = gnu11;
				GCC_NO_COMMON_BLOCKS = YES;
				GCC_WARN_64_TO_32_BIT_CONVERSION = YES;
				GCC_WARN_ABOUT_RETURN_TYPE = YES_ERROR;
				GCC_WARN_UNDECLARED_SELECTOR = YES;
				GCC_WARN_UNINITIALIZED_AUTOS = YES_AGGRESSIVE;
				GCC_WARN_UNUSED_FUNCTION = YES;
				GCC_WARN_UNUSED_VARIABLE = YES;
				MACOSX_DEPLOYMENT_TARGET = 10.12;
				MTL_ENABLE_DEBUG_INFO = NO;
				SDKROOT = macosx;
				SWIFT_OPTIMIZATION_LEVEL = "-Owholemodule";
			};
			name = Release;
		};
		6A3E3A701FC2FE6500FD0FCA /* Debug */ = {
			isa = XCBuildConfiguration;
			buildSettings = {
				ASSETCATALOG_COMPILER_APPICON_NAME = AppIcon;
				CODE_SIGN_ENTITLEMENTS = NetworkHW/NetworkHW.entitlements;
				CODE_SIGN_STYLE = Automatic;
				COMBINE_HIDPI_IMAGES = YES;
				DEVELOPMENT_TEAM = CT884K7983;
				INFOPLIST_FILE = NetworkHW/Info.plist;
				LD_RUNPATH_SEARCH_PATHS = "$(inherited) @executable_path/../Frameworks";
				PRODUCT_BUNDLE_IDENTIFIER = com.github.bestK1ngArthur.NetworkHW;
				PRODUCT_NAME = "$(TARGET_NAME)";
				SWIFT_VERSION = 4.0;
			};
			name = Debug;
		};
		6A3E3A711FC2FE6500FD0FCA /* Release */ = {
			isa = XCBuildConfiguration;
			buildSettings = {
				ASSETCATALOG_COMPILER_APPICON_NAME = AppIcon;
				CODE_SIGN_ENTITLEMENTS = NetworkHW/NetworkHW.entitlements;
				CODE_SIGN_STYLE = Automatic;
				COMBINE_HIDPI_IMAGES = YES;
				DEVELOPMENT_TEAM = CT884K7983;
				INFOPLIST_FILE = NetworkHW/Info.plist;
				LD_RUNPATH_SEARCH_PATHS = "$(inherited) @executable_path/../Frameworks";
				PRODUCT_BUNDLE_IDENTIFIER = com.github.bestK1ngArthur.NetworkHW;
				PRODUCT_NAME = "$(TARGET_NAME)";
				SWIFT_VERSION = 4.0;
			};
			name = Release;
		};
/* End XCBuildConfiguration section */

/* Begin XCConfigurationList section */
		6A3E3A5A1FC2FE6500FD0FCA /* Build configuration list for PBXProject "NetworkHW" */ = {
			isa = XCConfigurationList;
			buildConfigurations = (
				6A3E3A6D1FC2FE6500FD0FCA /* Debug */,
				6A3E3A6E1FC2FE6500FD0FCA /* Release */,
			);
			defaultConfigurationIsVisible = 0;
			defaultConfigurationName = Release;
		};
		6A3E3A6F1FC2FE6500FD0FCA /* Build configuration list for PBXNativeTarget "NetworkHW" */ = {
			isa = XCConfigurationList;
			buildConfigurations = (
				6A3E3A701FC2FE6500FD0FCA /* Debug */,
				6A3E3A711FC2FE6500FD0FCA /* Release */,
			);
			defaultConfigurationIsVisible = 0;
			defaultConfigurationName = Release;
		};
/* End XCConfigurationList section */
	};
	rootObject = 6A3E3A571FC2FE6500FD0FCA /* Project object */;
}
